
Microsoft Visual Studio Solution File, Format Version 12.00
# Visual Studio Version 17
VisualStudioVersion = 17.14.36518.9
MinimumVisualStudioVersion = 10.0.40219.1
Project("{FAE04EC0-301F-11D3-BF4B-00C04F79EFBC}") = "BusinessLogic", "D:\Net_Birthday_Prj\Flower_Shop\BusinessLogic\BusinessLogic.csproj", "{3179C2D4-3FF1-A616-5694-3750E7CD33EF}"
EndProject
Project("{FAE04EC0-301F-11D3-BF4B-00C04F79EFBC}") = "DataAccess", "D:\Net_Birthday_Prj\Flower_Shop\DataAccess\DataAccess.csproj", "{2F05F213-3126-ECAB-F7CE-0054F469825C}"
EndProject
Project("{FAE04EC0-301F-11D3-BF4B-00C04F79EFBC}") = "Flower_Shop_API", "D:\Net_Birthday_Prj\Flower_Shop\Flower_Shop_API\Flower_Shop_API.csproj", "{49D9188A-9673-3A01-9522-E185F6EDDD0D}"
EndProject
Project("{FAE04EC0-301F-11D3-BF4B-00C04F79EFBC}") = "Ultitity", "D:\Net_Birthday_Prj\Flower_Shop\Ultitity\Ultitity.csproj", "{DD540502-54EE-E34C-B2B3-1083968D254D}"
EndProject
Global
	GlobalSection(SolutionConfigurationPlatforms) = preSolution
		Debug|Any CPU = Debug|Any CPU
		Release|Any CPU = Release|Any CPU
	EndGlobalSection
	GlobalSection(ProjectConfigurationPlatforms) = postSolution
		{3179C2D4-3FF1-A616-5694-3750E7CD33EF}.Debug|Any CPU.ActiveCfg = Debug|Any CPU
		{3179C2D4-3FF1-A616-5694-3750E7CD33EF}.Debug|Any CPU.Build.0 = Debug|Any CPU
		{3179C2D4-3FF1-A616-5694-3750E7CD33EF}.Release|Any CPU.ActiveCfg = Release|Any CPU
		{3179C2D4-3FF1-A616-5694-3750E7CD33EF}.Release|Any CPU.Build.0 = Release|Any CPU
		{2F05F213-3126-ECAB-F7CE-0054F469825C}.Debug|Any CPU.ActiveCfg = Debug|Any CPU
		{2F05F213-3126-ECAB-F7CE-0054F469825C}.Debug|Any CPU.Build.0 = Debug|Any CPU
		{2F05F213-3126-ECAB-F7CE-0054F469825C}.Release|Any CPU.ActiveCfg = Release|Any CPU
		{2F05F213-3126-ECAB-F7CE-0054F469825C}.Release|Any CPU.Build.0 = Release|Any CPU
		{49D9188A-9673-3A01-9522-E185F6EDDD0D}.Debug|Any CPU.ActiveCfg = Debug|Any CPU
		{49D9188A-9673-3A01-9522-E185F6EDDD0D}.Debug|Any CPU.Build.0 = Debug|Any CPU
		{49D9188A-9673-3A01-9522-E185F6EDDD0D}.Release|Any CPU.ActiveCfg = Release|Any CPU
		{49D9188A-9673-3A01-9522-E185F6EDDD0D}.Release|Any CPU.Build.0 = Release|Any CPU
		{DD540502-54EE-E34C-B2B3-1083968D254D}.Debug|Any CPU.ActiveCfg = Debug|Any CPU
		{DD540502-54EE-E34C-B2B3-1083968D254D}.Debug|Any CPU.Build.0 = Debug|Any CPU
		{DD540502-54EE-E34C-B2B3-1083968D254D}.Release|Any CPU.ActiveCfg = Release|Any CPU
		{DD540502-54EE-E34C-B2B3-1083968D254D}.Release|Any CPU.Build.0 = Release|Any CPU
	EndGlobalSection
	GlobalSection(SolutionProperties) = preSolution
		HideSolutionNode = FALSE
	EndGlobalSection
	GlobalSection(ExtensibilityGlobals) = postSolution
		SolutionGuid = {A0FDF0C9-8C86-40FF-8FAE-A74863504760}
	EndGlobalSection
EndGlobal
